
Microsoft Visual Studio Solution File, Format Version 12.00
# Visual Studio Version 17
VisualStudioVersion = 17.5.33424.131
MinimumVisualStudioVersion = 10.0.40219.1
Project("{9A19103F-16F7-4668-BE54-9A1E7A4F7556}") = "API", "API\API.csproj", "{74A1C718-3A40-4615-BBA7-A3CFE873947C}"
EndProject
Project("{9A19103F-16F7-4668-BE54-9A1E7A4F7556}") = "numactl-s20", "Examples\numactl-s20\numactl-s20.csproj", "{7FE85E8C-985C-4F3C-BEFC-5C7A257A2FAE}"
EndProject
Project("{9A19103F-16F7-4668-BE54-9A1E7A4F7556}") = "numactl-s29", "Examples\numactl-s29\numactl-s29.csproj", "{7FD7897C-81F3-4D68-BA39-8B68F57ED207}"
EndProject
Project("{9A19103F-16F7-4668-BE54-9A1E7A4F7556}") = "APITests1", "APITests1\APITests1.csproj", "{9BBAB546-B6EC-4328-BEC4-49495F8E6927}"
EndProject
Project("{FAE04EC0-301F-11D3-BF4B-00C04F79EFBC}") = "APITests2", "APITests2\APITests2.csproj", "{6609A0B9-8BD3-4AFD-9F4D-F5B1893F9942}"
EndProject
Global
	GlobalSection(SolutionConfigurationPlatforms) = preSolution
		Debug|Any CPU = Debug|Any CPU
		Release|Any CPU = Release|Any CPU
	EndGlobalSection
	GlobalSection(ProjectConfigurationPlatforms) = postSolution
		{74A1C718-3A40-4615-BBA7-A3CFE873947C}.Debug|Any CPU.ActiveCfg = Debug|Any CPU
		{74A1C718-3A40-4615-BBA7-A3CFE873947C}.Debug|Any CPU.Build.0 = Debug|Any CPU
		{74A1C718-3A40-4615-BBA7-A3CFE873947C}.Release|Any CPU.ActiveCfg = Release|Any CPU
		{74A1C718-3A40-4615-BBA7-A3CFE873947C}.Release|Any CPU.Build.0 = Release|Any CPU
		{7FE85E8C-985C-4F3C-BEFC-5C7A257A2FAE}.Debug|Any CPU.ActiveCfg = Debug|Any CPU
		{7FE85E8C-985C-4F3C-BEFC-5C7A257A2FAE}.Debug|Any CPU.Build.0 = Debug|Any CPU
		{7FE85E8C-985C-4F3C-BEFC-5C7A257A2FAE}.Release|Any CPU.ActiveCfg = Release|Any CPU
		{7FE85E8C-985C-4F3C-BEFC-5C7A257A2FAE}.Release|Any CPU.Build.0 = Release|Any CPU
		{7FD7897C-81F3-4D68-BA39-8B68F57ED207}.Debug|Any CPU.ActiveCfg = Debug|Any CPU
		{7FD7897C-81F3-4D68-BA39-8B68F57ED207}.Debug|Any CPU.Build.0 = Debug|Any CPU
		{7FD7897C-81F3-4D68-BA39-8B68F57ED207}.Release|Any CPU.ActiveCfg = Release|Any CPU
		{7FD7897C-81F3-4D68-BA39-8B68F57ED207}.Release|Any CPU.Build.0 = Release|Any CPU
		{9BBAB546-B6EC-4328-BEC4-49495F8E6927}.Debug|Any CPU.ActiveCfg = Debug|Any CPU
		{9BBAB546-B6EC-4328-BEC4-49495F8E6927}.Debug|Any CPU.Build.0 = Debug|Any CPU
		{9BBAB546-B6EC-4328-BEC4-49495F8E6927}.Release|Any CPU.ActiveCfg = Release|Any CPU
		{9BBAB546-B6EC-4328-BEC4-49495F8E6927}.Release|Any CPU.Build.0 = Release|Any CPU
		{6609A0B9-8BD3-4AFD-9F4D-F5B1893F9942}.Debug|Any CPU.ActiveCfg = Debug|Any CPU
		{6609A0B9-8BD3-4AFD-9F4D-F5B1893F9942}.Debug|Any CPU.Build.0 = Debug|Any CPU
		{6609A0B9-8BD3-4AFD-9F4D-F5B1893F9942}.Release|Any CPU.ActiveCfg = Release|Any CPU
		{6609A0B9-8BD3-4AFD-9F4D-F5B1893F9942}.Release|Any CPU.Build.0 = Release|Any CPU
	EndGlobalSection
	GlobalSection(SolutionProperties) = preSolution
		HideSolutionNode = FALSE
	EndGlobalSection
	GlobalSection(ExtensibilityGlobals) = postSolution
		SolutionGuid = {24848B80-B511-4D73-802E-6386848B8A3D}
	EndGlobalSection
EndGlobal
